// !$*UTF8*$!
{
	archiveVersion = 1;
	classes = {
	};
	objectVersion = 77;
	objects = {

/* Begin PBXBuildFile section */
		9873E8992D6FA1B600E4BD0D /* WidgetKit.framework in Frameworks */ = {isa = PBXBuildFile; fileRef = 9873E87E2D6F9E4300E4BD0D /* WidgetKit.framework */; };
		9873E89A2D6FA1B600E4BD0D /* SwiftUI.framework in Frameworks */ = {isa = PBXBuildFile; fileRef = 9873E8802D6F9E4300E4BD0D /* SwiftUI.framework */; };
		9873E8A72D6FA1B800E4BD0D /* PomodoroWidgetExtension.appex in Embed Foundation Extensions */ = {isa = PBXBuildFile; fileRef = 9873E8982D6FA1B600E4BD0D /* PomodoroWidgetExtension.appex */; settings = {ATTRIBUTES = (RemoveHeadersOnCopy, ); }; };
/* End PBXBuildFile section */

/* Begin PBXContainerItemProxy section */
		9873E8A52D6FA1B800E4BD0D /* PBXContainerItemProxy */ = {
			isa = PBXContainerItemProxy;
			containerPortal = 98AD60F82D6F732300F28D9A /* Project object */;
			proxyType = 1;
			remoteGlobalIDString = 9873E8972D6FA1B600E4BD0D;
			remoteInfo = PomodoroWidgetExtension;
		};
		98AD61162D6F732400F28D9A /* PBXContainerItemProxy */ = {
			isa = PBXContainerItemProxy;
			containerPortal = 98AD60F82D6F732300F28D9A /* Project object */;
			proxyType = 1;
			remoteGlobalIDString = 98AD60FF2D6F732300F28D9A;
			remoteInfo = Pomodoro;
		};
		98AD61202D6F732400F28D9A /* PBXContainerItemProxy */ = {
			isa = PBXContainerItemProxy;
			containerPortal = 98AD60F82D6F732300F28D9A /* Project object */;
			proxyType = 1;
			remoteGlobalIDString = 98AD60FF2D6F732300F28D9A;
			remoteInfo = Pomodoro;
		};
/* End PBXContainerItemProxy section */

/* Begin PBXCopyFilesBuildPhase section */
		9873E8932D6F9E4500E4BD0D /* Embed Foundation Extensions */ = {
			isa = PBXCopyFilesBuildPhase;
			buildActionMask = 2147483647;
			dstPath = "";
			dstSubfolderSpec = 13;
			files = (
				9873E8A72D6FA1B800E4BD0D /* PomodoroWidgetExtension.appex in Embed Foundation Extensions */,
			);
			name = "Embed Foundation Extensions";
			runOnlyForDeploymentPostprocessing = 0;
		};
		98AD616B2D6F8C2800F28D9A /* Embed Watch Content */ = {
			isa = PBXCopyFilesBuildPhase;
			buildActionMask = 2147483647;
			dstPath = "$(CONTENTS_FOLDER_PATH)/Watch";
			dstSubfolderSpec = 16;
			files = (
			);
			name = "Embed Watch Content";
			runOnlyForDeploymentPostprocessing = 0;
		};
/* End PBXCopyFilesBuildPhase section */

/* Begin PBXFileReference section */
		9873E87E2D6F9E4300E4BD0D /* WidgetKit.framework */ = {isa = PBXFileReference; lastKnownFileType = wrapper.framework; name = WidgetKit.framework; path = System/Library/Frameworks/WidgetKit.framework; sourceTree = SDKROOT; };
		9873E8802D6F9E4300E4BD0D /* SwiftUI.framework */ = {isa = PBXFileReference; lastKnownFileType = wrapper.framework; name = SwiftUI.framework; path = System/Library/Frameworks/SwiftUI.framework; sourceTree = SDKROOT; };
		9873E8982D6FA1B600E4BD0D /* PomodoroWidgetExtension.appex */ = {isa = PBXFileReference; explicitFileType = "wrapper.app-extension"; includeInIndex = 0; path = PomodoroWidgetExtension.appex; sourceTree = BUILT_PRODUCTS_DIR; };
		98AD61002D6F732300F28D9A /* Pomodoro.app */ = {isa = PBXFileReference; explicitFileType = wrapper.application; includeInIndex = 0; path = Pomodoro.app; sourceTree = BUILT_PRODUCTS_DIR; };
		98AD61152D6F732400F28D9A /* PomodoroTests.xctest */ = {isa = PBXFileReference; explicitFileType = wrapper.cfbundle; includeInIndex = 0; path = PomodoroTests.xctest; sourceTree = BUILT_PRODUCTS_DIR; };
		98AD611F2D6F732400F28D9A /* PomodoroUITests.xctest */ = {isa = PBXFileReference; explicitFileType = wrapper.cfbundle; includeInIndex = 0; path = PomodoroUITests.xctest; sourceTree = BUILT_PRODUCTS_DIR; };
/* End PBXFileReference section */

/* Begin PBXFileSystemSynchronizedBuildFileExceptionSet section */
		9873E8AB2D6FA1B800E4BD0D /* Exceptions for "PomodoroWidget" folder in "PomodoroWidgetExtension" target */ = {
			isa = PBXFileSystemSynchronizedBuildFileExceptionSet;
			membershipExceptions = (
				Info.plist,
			);
			target = 9873E8972D6FA1B600E4BD0D /* PomodoroWidgetExtension */;
		};
		9873E8AF2D6FA2AF00E4BD0D /* Exceptions for "Pomodoro" folder in "PomodoroWidgetExtension" target */ = {
			isa = PBXFileSystemSynchronizedBuildFileExceptionSet;
			membershipExceptions = (
				TimerAttribuites.swift,
			);
			target = 9873E8972D6FA1B600E4BD0D /* PomodoroWidgetExtension */;
		};
		98AD61392D6F7D9900F28D9A /* Exceptions for "Pomodoro" folder in "Pomodoro" target */ = {
			isa = PBXFileSystemSynchronizedBuildFileExceptionSet;
			membershipExceptions = (
				Info.plist,
			);
			target = 98AD60FF2D6F732300F28D9A /* Pomodoro */;
		};
/* End PBXFileSystemSynchronizedBuildFileExceptionSet section */

/* Begin PBXFileSystemSynchronizedRootGroup section */
		9873E89B2D6FA1B600E4BD0D /* PomodoroWidget */ = {
			isa = PBXFileSystemSynchronizedRootGroup;
			exceptions = (
				9873E8AB2D6FA1B800E4BD0D /* Exceptions for "PomodoroWidget" folder in "PomodoroWidgetExtension" target */,
			);
			path = PomodoroWidget;
			sourceTree = "<group>";
		};
		98AD61022D6F732300F28D9A /* Pomodoro */ = {
			isa = PBXFileSystemSynchronizedRootGroup;
			exceptions = (
				98AD61392D6F7D9900F28D9A /* Exceptions for "Pomodoro" folder in "Pomodoro" target */,
				9873E8AF2D6FA2AF00E4BD0D /* Exceptions for "Pomodoro" folder in "PomodoroWidgetExtension" target */,
			);
			path = Pomodoro;
			sourceTree = "<group>";
		};
		98AD61182D6F732400F28D9A /* PomodoroTests */ = {
			isa = PBXFileSystemSynchronizedRootGroup;
			path = PomodoroTests;
			sourceTree = "<group>";
		};
		98AD61222D6F732400F28D9A /* PomodoroUITests */ = {
			isa = PBXFileSystemSynchronizedRootGroup;
			path = PomodoroUITests;
			sourceTree = "<group>";
		};
/* End PBXFileSystemSynchronizedRootGroup section */

/* Begin PBXFrameworksBuildPhase section */
		9873E8952D6FA1B600E4BD0D /* Frameworks */ = {
			isa = PBXFrameworksBuildPhase;
			buildActionMask = 2147483647;
			files = (
				9873E89A2D6FA1B600E4BD0D /* SwiftUI.framework in Frameworks */,
				9873E8992D6FA1B600E4BD0D /* WidgetKit.framework in Frameworks */,
			);
			runOnlyForDeploymentPostprocessing = 0;
		};
		98AD60FD2D6F732300F28D9A /* Frameworks */ = {
			isa = PBXFrameworksBuildPhase;
			buildActionMask = 2147483647;
			files = (
			);
			runOnlyForDeploymentPostprocessing = 0;
		};
		98AD61122D6F732400F28D9A /* Frameworks */ = {
			isa = PBXFrameworksBuildPhase;
			buildActionMask = 2147483647;
			files = (
			);
			runOnlyForDeploymentPostprocessing = 0;
		};
		98AD611C2D6F732400F28D9A /* Frameworks */ = {
			isa = PBXFrameworksBuildPhase;
			buildActionMask = 2147483647;
			files = (
			);
			runOnlyForDeploymentPostprocessing = 0;
		};
/* End PBXFrameworksBuildPhase section */

/* Begin PBXGroup section */
		9873E87D2D6F9E4200E4BD0D /* Frameworks */ = {
			isa = PBXGroup;
			children = (
				9873E87E2D6F9E4300E4BD0D /* WidgetKit.framework */,
				9873E8802D6F9E4300E4BD0D /* SwiftUI.framework */,
			);
			name = Frameworks;
			sourceTree = "<group>";
		};
		98AD60F72D6F732300F28D9A = {
			isa = PBXGroup;
			children = (
				98AD61022D6F732300F28D9A /* Pomodoro */,
				98AD61182D6F732400F28D9A /* PomodoroTests */,
				98AD61222D6F732400F28D9A /* PomodoroUITests */,
				9873E89B2D6FA1B600E4BD0D /* PomodoroWidget */,
				9873E87D2D6F9E4200E4BD0D /* Frameworks */,
				98AD61012D6F732300F28D9A /* Products */,
			);
			sourceTree = "<group>";
		};
		98AD61012D6F732300F28D9A /* Products */ = {
			isa = PBXGroup;
			children = (
				98AD61002D6F732300F28D9A /* Pomodoro.app */,
				98AD61152D6F732400F28D9A /* PomodoroTests.xctest */,
				98AD611F2D6F732400F28D9A /* PomodoroUITests.xctest */,
				9873E8982D6FA1B600E4BD0D /* PomodoroWidgetExtension.appex */,
			);
			name = Products;
			sourceTree = "<group>";
		};
/* End PBXGroup section */

/* Begin PBXNativeTarget section */
		9873E8972D6FA1B600E4BD0D /* PomodoroWidgetExtension */ = {
			isa = PBXNativeTarget;
			buildConfigurationList = 9873E8A82D6FA1B800E4BD0D /* Build configuration list for PBXNativeTarget "PomodoroWidgetExtension" */;
			buildPhases = (
				9873E8942D6FA1B600E4BD0D /* Sources */,
				9873E8952D6FA1B600E4BD0D /* Frameworks */,
				9873E8962D6FA1B600E4BD0D /* Resources */,
			);
			buildRules = (
			);
			dependencies = (
			);
			fileSystemSynchronizedGroups = (
				9873E89B2D6FA1B600E4BD0D /* PomodoroWidget */,
			);
			name = PomodoroWidgetExtension;
			packageProductDependencies = (
			);
			productName = PomodoroWidgetExtension;
			productReference = 9873E8982D6FA1B600E4BD0D /* PomodoroWidgetExtension.appex */;
			productType = "com.apple.product-type.app-extension";
		};
		98AD60FF2D6F732300F28D9A /* Pomodoro */ = {
			isa = PBXNativeTarget;
			buildConfigurationList = 98AD61292D6F732400F28D9A /* Build configuration list for PBXNativeTarget "Pomodoro" */;
			buildPhases = (
				98AD60FC2D6F732300F28D9A /* Sources */,
				98AD60FD2D6F732300F28D9A /* Frameworks */,
				98AD60FE2D6F732300F28D9A /* Resources */,
				98AD616B2D6F8C2800F28D9A /* Embed Watch Content */,
				9873E8932D6F9E4500E4BD0D /* Embed Foundation Extensions */,
			);
			buildRules = (
			);
			dependencies = (
				9873E8A62D6FA1B800E4BD0D /* PBXTargetDependency */,
			);
			fileSystemSynchronizedGroups = (
				98AD61022D6F732300F28D9A /* Pomodoro */,
			);
			name = Pomodoro;
			packageProductDependencies = (
			);
			productName = Pomodoro;
			productReference = 98AD61002D6F732300F28D9A /* Pomodoro.app */;
			productType = "com.apple.product-type.application";
		};
		98AD61142D6F732400F28D9A /* PomodoroTests */ = {
			isa = PBXNativeTarget;
			buildConfigurationList = 98AD612C2D6F732400F28D9A /* Build configuration list for PBXNativeTarget "PomodoroTests" */;
			buildPhases = (
				98AD61112D6F732400F28D9A /* Sources */,
				98AD61122D6F732400F28D9A /* Frameworks */,
				98AD61132D6F732400F28D9A /* Resources */,
			);
			buildRules = (
			);
			dependencies = (
				98AD61172D6F732400F28D9A /* PBXTargetDependency */,
			);
			fileSystemSynchronizedGroups = (
				98AD61182D6F732400F28D9A /* PomodoroTests */,
			);
			name = PomodoroTests;
			packageProductDependencies = (
			);
			productName = PomodoroTests;
			productReference = 98AD61152D6F732400F28D9A /* PomodoroTests.xctest */;
			productType = "com.apple.product-type.bundle.unit-test";
		};
		98AD611E2D6F732400F28D9A /* PomodoroUITests */ = {
			isa = PBXNativeTarget;
			buildConfigurationList = 98AD612F2D6F732400F28D9A /* Build configuration list for PBXNativeTarget "PomodoroUITests" */;
			buildPhases = (
				98AD611B2D6F732400F28D9A /* Sources */,
				98AD611C2D6F732400F28D9A /* Frameworks */,
				98AD611D2D6F732400F28D9A /* Resources */,
			);
			buildRules = (
			);
			dependencies = (
				98AD61212D6F732400F28D9A /* PBXTargetDependency */,
			);
			fileSystemSynchronizedGroups = (
				98AD61222D6F732400F28D9A /* PomodoroUITests */,
			);
			name = PomodoroUITests;
			packageProductDependencies = (
			);
			productName = PomodoroUITests;
			productReference = 98AD611F2D6F732400F28D9A /* PomodoroUITests.xctest */;
			productType = "com.apple.product-type.bundle.ui-testing";
		};
/* End PBXNativeTarget section */

/* Begin PBXProject section */
		98AD60F82D6F732300F28D9A /* Project object */ = {
			isa = PBXProject;
			attributes = {
				BuildIndependentTargetsInParallel = 1;
				LastSwiftUpdateCheck = 1620;
				LastUpgradeCheck = 1620;
				TargetAttributes = {
					9873E8972D6FA1B600E4BD0D = {
						CreatedOnToolsVersion = 16.2;
					};
					98AD60FF2D6F732300F28D9A = {
						CreatedOnToolsVersion = 16.2;
					};
					98AD61142D6F732400F28D9A = {
						CreatedOnToolsVersion = 16.2;
						TestTargetID = 98AD60FF2D6F732300F28D9A;
					};
					98AD611E2D6F732400F28D9A = {
						CreatedOnToolsVersion = 16.2;
						TestTargetID = 98AD60FF2D6F732300F28D9A;
					};
				};
			};
			buildConfigurationList = 98AD60FB2D6F732300F28D9A /* Build configuration list for PBXProject "Pomodoro" */;
			developmentRegion = en;
			hasScannedForEncodings = 0;
			knownRegions = (
				en,
				Base,
			);
			mainGroup = 98AD60F72D6F732300F28D9A;
			minimizedProjectReferenceProxies = 1;
			preferredProjectObjectVersion = 77;
			productRefGroup = 98AD61012D6F732300F28D9A /* Products */;
			projectDirPath = "";
			projectRoot = "";
			targets = (
				98AD60FF2D6F732300F28D9A /* Pomodoro */,
				98AD61142D6F732400F28D9A /* PomodoroTests */,
				98AD611E2D6F732400F28D9A /* PomodoroUITests */,
				9873E8972D6FA1B600E4BD0D /* PomodoroWidgetExtension */,
			);
		};
/* End PBXProject section */

/* Begin PBXResourcesBuildPhase section */
		9873E8962D6FA1B600E4BD0D /* Resources */ = {
			isa = PBXResourcesBuildPhase;
			buildActionMask = 2147483647;
			files = (
			);
			runOnlyForDeploymentPostprocessing = 0;
		};
		98AD60FE2D6F732300F28D9A /* Resources */ = {
			isa = PBXResourcesBuildPhase;
			buildActionMask = 2147483647;
			files = (
			);
			runOnlyForDeploymentPostprocessing = 0;
		};
		98AD61132D6F732400F28D9A /* Resources */ = {
			isa = PBXResourcesBuildPhase;
			buildActionMask = 2147483647;
			files = (
			);
			runOnlyForDeploymentPostprocessing = 0;
		};
		98AD611D2D6F732400F28D9A /* Resources */ = {
			isa = PBXResourcesBuildPhase;
			buildActionMask = 2147483647;
			files = (
			);
			runOnlyForDeploymentPostprocessing = 0;
		};
/* End PBXResourcesBuildPhase section */

/* Begin PBXSourcesBuildPhase section */
		9873E8942D6FA1B600E4BD0D /* Sources */ = {
			isa = PBXSourcesBuildPhase;
			buildActionMask = 2147483647;
			files = (
			);
			runOnlyForDeploymentPostprocessing = 0;
		};
		98AD60FC2D6F732300F28D9A /* Sources */ = {
			isa = PBXSourcesBuildPhase;
			buildActionMask = 2147483647;
			files = (
			);
			runOnlyForDeploymentPostprocessing = 0;
		};
		98AD61112D6F732400F28D9A /* Sources */ = {
			isa = PBXSourcesBuildPhase;
			buildActionMask = 2147483647;
			files = (
			);
			runOnlyForDeploymentPostprocessing = 0;
		};
		98AD611B2D6F732400F28D9A /* Sources */ = {
			isa = PBXSourcesBuildPhase;
			buildActionMask = 2147483647;
			files = (
			);
			runOnlyForDeploymentPostprocessing = 0;
		};
/* End PBXSourcesBuildPhase section */

/* Begin PBXTargetDependency section */
		9873E8A62D6FA1B800E4BD0D /* PBXTargetDependency */ = {
			isa = PBXTargetDependency;
			target = 9873E8972D6FA1B600E4BD0D /* PomodoroWidgetExtension */;
			targetProxy = 9873E8A52D6FA1B800E4BD0D /* PBXContainerItemProxy */;
		};
		98AD61172D6F732400F28D9A /* PBXTargetDependency */ = {
			isa = PBXTargetDependency;
			target = 98AD60FF2D6F732300F28D9A /* Pomodoro */;
			targetProxy = 98AD61162D6F732400F28D9A /* PBXContainerItemProxy */;
		};
		98AD61212D6F732400F28D9A /* PBXTargetDependency */ = {
			isa = PBXTargetDependency;
			target = 98AD60FF2D6F732300F28D9A /* Pomodoro */;
			targetProxy = 98AD61202D6F732400F28D9A /* PBXContainerItemProxy */;
		};
/* End PBXTargetDependency section */

/* Begin XCBuildConfiguration section */
		9873E8A92D6FA1B800E4BD0D /* Debug */ = {
			isa = XCBuildConfiguration;
			buildSettings = {
				ASSETCATALOG_COMPILER_GLOBAL_ACCENT_COLOR_NAME = AccentColor;
				ASSETCATALOG_COMPILER_WIDGET_BACKGROUND_COLOR_NAME = WidgetBackground;
				CODE_SIGN_STYLE = Automatic;
				CURRENT_PROJECT_VERSION = 1;
				DEVELOPMENT_TEAM = 9B6579F2U5;
				GENERATE_INFOPLIST_FILE = YES;
				INFOPLIST_FILE = PomodoroWidget/Info.plist;
				INFOPLIST_KEY_CFBundleDisplayName = PomodoroWidget;
				INFOPLIST_KEY_NSHumanReadableCopyright = "";
				LD_RUNPATH_SEARCH_PATHS = (
					"$(inherited)",
					"@executable_path/Frameworks",
					"@executable_path/../../Frameworks",
				);
				MARKETING_VERSION = 1.0;
				PRODUCT_BUNDLE_IDENTIFIER = com.amorim.Pomodoro.PomodoroWidget;
				PRODUCT_NAME = "$(TARGET_NAME)";
				SKIP_INSTALL = YES;
				SWIFT_EMIT_LOC_STRINGS = YES;
				SWIFT_VERSION = 5.0;
				TARGETED_DEVICE_FAMILY = "1,2";
			};
			name = Debug;
		};
		9873E8AA2D6FA1B800E4BD0D /* Release */ = {
			isa = XCBuildConfiguration;
			buildSettings = {
				ASSETCATALOG_COMPILER_GLOBAL_ACCENT_COLOR_NAME = AccentColor;
				ASSETCATALOG_COMPILER_WIDGET_BACKGROUND_COLOR_NAME = WidgetBackground;
				CODE_SIGN_STYLE = Automatic;
				CURRENT_PROJECT_VERSION = 1;
				DEVELOPMENT_TEAM = 9B6579F2U5;
				GENERATE_INFOPLIST_FILE = YES;
				INFOPLIST_FILE = PomodoroWidget/Info.plist;
				INFOPLIST_KEY_CFBundleDisplayName = PomodoroWidget;
				INFOPLIST_KEY_NSHumanReadableCopyright = "";
				LD_RUNPATH_SEARCH_PATHS = (
					"$(inherited)",
					"@executable_path/Frameworks",
					"@executable_path/../../Frameworks",
				);
				MARKETING_VERSION = 1.0;
				PRODUCT_BUNDLE_IDENTIFIER = com.amorim.Pomodoro.PomodoroWidget;
				PRODUCT_NAME = "$(TARGET_NAME)";
				SKIP_INSTALL = YES;
				SWIFT_EMIT_LOC_STRINGS = YES;
				SWIFT_VERSION = 5.0;
				TARGETED_DEVICE_FAMILY = "1,2";
			};
			name = Release;
		};
		98AD61272D6F732400F28D9A /* Debug */ = {
			isa = XCBuildConfiguration;
			buildSettings = {
				ALWAYS_SEARCH_USER_PATHS = NO;
				ASSETCATALOG_COMPILER_GENERATE_SWIFT_ASSET_SYMBOL_EXTENSIONS = YES;
				CLANG_ANALYZER_NONNULL = YES;
				CLANG_ANALYZER_NUMBER_OBJECT_CONVERSION = YES_AGGRESSIVE;
				CLANG_CXX_LANGUAGE_STANDARD = "gnu++20";
				CLANG_ENABLE_MODULES = YES;
				CLANG_ENABLE_OBJC_ARC = YES;
				CLANG_ENABLE_OBJC_WEAK = YES;
				CLANG_WARN_BLOCK_CAPTURE_AUTORELEASING = YES;
				CLANG_WARN_BOOL_CONVERSION = YES;
				CLANG_WARN_COMMA = YES;
				CLANG_WARN_CONSTANT_CONVERSION = YES;
				CLANG_WARN_DEPRECATED_OBJC_IMPLEMENTATIONS = YES;
				CLANG_WARN_DIRECT_OBJC_ISA_USAGE = YES_ERROR;
				CLANG_WARN_DOCUMENTATION_COMMENTS = YES;
				CLANG_WARN_EMPTY_BODY = YES;
				CLANG_WARN_ENUM_CONVERSION = YES;
				CLANG_WARN_INFINITE_RECURSION = YES;
				CLANG_WARN_INT_CONVERSION = YES;
				CLANG_WARN_NON_LITERAL_NULL_CONVERSION = YES;
				CLANG_WARN_OBJC_IMPLICIT_RETAIN_SELF = YES;
				CLANG_WARN_OBJC_LITERAL_CONVERSION = YES;
				CLANG_WARN_OBJC_ROOT_CLASS = YES_ERROR;
				CLANG_WARN_QUOTED_INCLUDE_IN_FRAMEWORK_HEADER = YES;
				CLANG_WARN_RANGE_LOOP_ANALYSIS = YES;
				CLANG_WARN_STRICT_PROTOTYPES = YES;
				CLANG_WARN_SUSPICIOUS_MOVE = YES;
				CLANG_WARN_UNGUARDED_AVAILABILITY = YES_AGGRESSIVE;
				CLANG_WARN_UNREACHABLE_CODE = YES;
				CLANG_WARN__DUPLICATE_METHOD_MATCH = YES;
				COPY_PHASE_STRIP = NO;
				DEBUG_INFORMATION_FORMAT = dwarf;
				ENABLE_STRICT_OBJC_MSGSEND = YES;
				ENABLE_TESTABILITY = YES;
				ENABLE_USER_SCRIPT_SANDBOXING = YES;
				GCC_C_LANGUAGE_STANDARD = gnu17;
				GCC_DYNAMIC_NO_PIC = NO;
				GCC_NO_COMMON_BLOCKS = YES;
				GCC_OPTIMIZATION_LEVEL = 0;
				GCC_PREPROCESSOR_DEFINITIONS = (
					"DEBUG=1",
					"$(inherited)",
				);
				GCC_WARN_64_TO_32_BIT_CONVERSION = YES;
				GCC_WARN_ABOUT_RETURN_TYPE = YES_ERROR;
				GCC_WARN_UNDECLARED_SELECTOR = YES;
				GCC_WARN_UNINITIALIZED_AUTOS = YES_AGGRESSIVE;
				GCC_WARN_UNUSED_FUNCTION = YES;
				GCC_WARN_UNUSED_VARIABLE = YES;
				IPHONEOS_DEPLOYMENT_TARGET = 18.2;
				LOCALIZATION_PREFERS_STRING_CATALOGS = YES;
				MTL_ENABLE_DEBUG_INFO = INCLUDE_SOURCE;
				MTL_FAST_MATH = YES;
				ONLY_ACTIVE_ARCH = YES;
				SDKROOT = iphoneos;
				SWIFT_ACTIVE_COMPILATION_CONDITIONS = "DEBUG $(inherited)";
				SWIFT_OPTIMIZATION_LEVEL = "-Onone";
			};
			name = Debug;
		};
		98AD61282D6F732400F28D9A /* Release */ = {
			isa = XCBuildConfiguration;
			buildSettings = {
				ALWAYS_SEARCH_USER_PATHS = NO;
				ASSETCATALOG_COMPILER_GENERATE_SWIFT_ASSET_SYMBOL_EXTENSIONS = YES;
				CLANG_ANALYZER_NONNULL = YES;
				CLANG_ANALYZER_NUMBER_OBJECT_CONVERSION = YES_AGGRESSIVE;
				CLANG_CXX_LANGUAGE_STANDARD = "gnu++20";
				CLANG_ENABLE_MODULES = YES;
				CLANG_ENABLE_OBJC_ARC = YES;
				CLANG_ENABLE_OBJC_WEAK = YES;
				CLANG_WARN_BLOCK_CAPTURE_AUTORELEASING = YES;
				CLANG_WARN_BOOL_CONVERSION = YES;
				CLANG_WARN_COMMA = YES;
				CLANG_WARN_CONSTANT_CONVERSION = YES;
				CLANG_WARN_DEPRECATED_OBJC_IMPLEMENTATIONS = YES;
				CLANG_WARN_DIRECT_OBJC_ISA_USAGE = YES_ERROR;
				CLANG_WARN_DOCUMENTATION_COMMENTS = YES;
				CLANG_WARN_EMPTY_BODY = YES;
				CLANG_WARN_ENUM_CONVERSION = YES;
				CLANG_WARN_INFINITE_RECURSION = YES;
				CLANG_WARN_INT_CONVERSION = YES;
				CLANG_WARN_NON_LITERAL_NULL_CONVERSION = YES;
				CLANG_WARN_OBJC_IMPLICIT_RETAIN_SELF = YES;
				CLANG_WARN_OBJC_LITERAL_CONVERSION = YES;
				CLANG_WARN_OBJC_ROOT_CLASS = YES_ERROR;
				CLANG_WARN_QUOTED_INCLUDE_IN_FRAMEWORK_HEADER = YES;
				CLANG_WARN_RANGE_LOOP_ANALYSIS = YES;
				CLANG_WARN_STRICT_PROTOTYPES = YES;
				CLANG_WARN_SUSPICIOUS_MOVE = YES;
				CLANG_WARN_UNGUARDED_AVAILABILITY = YES_AGGRESSIVE;
				CLANG_WARN_UNREACHABLE_CODE = YES;
				CLANG_WARN__DUPLICATE_METHOD_MATCH = YES;
				COPY_PHASE_STRIP = NO;
				DEBUG_INFORMATION_FORMAT = "dwarf-with-dsym";
				ENABLE_NS_ASSERTIONS = NO;
				ENABLE_STRICT_OBJC_MSGSEND = YES;
				ENABLE_USER_SCRIPT_SANDBOXING = YES;
				GCC_C_LANGUAGE_STANDARD = gnu17;
				GCC_NO_COMMON_BLOCKS = YES;
				GCC_WARN_64_TO_32_BIT_CONVERSION = YES;
				GCC_WARN_ABOUT_RETURN_TYPE = YES_ERROR;
				GCC_WARN_UNDECLARED_SELECTOR = YES;
				GCC_WARN_UNINITIALIZED_AUTOS = YES_AGGRESSIVE;
				GCC_WARN_UNUSED_FUNCTION = YES;
				GCC_WARN_UNUSED_VARIABLE = YES;
				IPHONEOS_DEPLOYMENT_TARGET = 18.2;
				LOCALIZATION_PREFERS_STRING_CATALOGS = YES;
				MTL_ENABLE_DEBUG_INFO = NO;
				MTL_FAST_MATH = YES;
				SDKROOT = iphoneos;
				SWIFT_COMPILATION_MODE = wholemodule;
				VALIDATE_PRODUCT = YES;
			};
			name = Release;
		};
		98AD612A2D6F732400F28D9A /* Debug */ = {
			isa = XCBuildConfiguration;
			buildSettings = {
				ASSETCATALOG_COMPILER_APPICON_NAME = AppIcon;
				ASSETCATALOG_COMPILER_GLOBAL_ACCENT_COLOR_NAME = AccentColor;
				CODE_SIGN_ENTITLEMENTS = Pomodoro/Pomodoro.entitlements;
				CODE_SIGN_STYLE = Automatic;
				CURRENT_PROJECT_VERSION = 1;
				DEVELOPMENT_ASSET_PATHS = "\"Pomodoro/Preview Content\"";
				DEVELOPMENT_TEAM = 9B6579F2U5;
				ENABLE_PREVIEWS = YES;
				GENERATE_INFOPLIST_FILE = YES;
				INFOPLIST_FILE = Pomodoro/Info.plist;
				INFOPLIST_KEY_LSApplicationCategoryType = "public.app-category.productivity";
				INFOPLIST_KEY_UIApplicationSceneManifest_Generation = YES;
				INFOPLIST_KEY_UIApplicationSupportsIndirectInputEvents = YES;
				INFOPLIST_KEY_UILaunchScreen_Generation = YES;
				INFOPLIST_KEY_UISupportedInterfaceOrientations = UIInterfaceOrientationPortrait;
				INFOPLIST_KEY_UISupportedInterfaceOrientations_iPad = "UIInterfaceOrientationLandscapeLeft UIInterfaceOrientationLandscapeRight UIInterfaceOrientationPortrait UIInterfaceOrientationPortraitUpsideDown";
				IPHONEOS_DEPLOYMENT_TARGET = 17.0;
				LD_RUNPATH_SEARCH_PATHS = (
					"$(inherited)",
					"@executable_path/Frameworks",
				);
				MARKETING_VERSION = 1.0;
				PRODUCT_BUNDLE_IDENTIFIER = com.amorim.Pomodoro;
				PRODUCT_NAME = "$(TARGET_NAME)";
				SUPPORTED_PLATFORMS = "iphoneos iphonesimulator";
				SUPPORTS_MACCATALYST = NO;
				SUPPORTS_MAC_DESIGNED_FOR_IPHONE_IPAD = NO;
				SUPPORTS_XR_DESIGNED_FOR_IPHONE_IPAD = NO;
				SWIFT_EMIT_LOC_STRINGS = YES;
				SWIFT_VERSION = 5.0;
				TARGETED_DEVICE_FAMILY = 1;
			};
			name = Debug;
		};
		98AD612B2D6F732400F28D9A /* Release */ = {
			isa = XCBuildConfiguration;
			buildSettings = {
				ASSETCATALOG_COMPILER_APPICON_NAME = AppIcon;
				ASSETCATALOG_COMPILER_GLOBAL_ACCENT_COLOR_NAME = AccentColor;
				CODE_SIGN_ENTITLEMENTS = Pomodoro/Pomodoro.entitlements;
				CODE_SIGN_STYLE = Automatic;
				CURRENT_PROJECT_VERSION = 1;
				DEVELOPMENT_ASSET_PATHS = "\"Pomodoro/Preview Content\"";
				DEVELOPMENT_TEAM = 9B6579F2U5;
				ENABLE_PREVIEWS = YES;
				GENERATE_INFOPLIST_FILE = YES;
				INFOPLIST_FILE = Pomodoro/Info.plist;
				INFOPLIST_KEY_LSApplicationCategoryType = "public.app-category.productivity";
				INFOPLIST_KEY_UIApplicationSceneManifest_Generation = YES;
				INFOPLIST_KEY_UIApplicationSupportsIndirectInputEvents = YES;
				INFOPLIST_KEY_UILaunchScreen_Generation = YES;
				INFOPLIST_KEY_UISupportedInterfaceOrientations = UIInterfaceOrientationPortrait;
				INFOPLIST_KEY_UISupportedInterfaceOrientations_iPad = "UIInterfaceOrientationLandscapeLeft UIInterfaceOrientationLandscapeRight UIInterfaceOrientationPortrait UIInterfaceOrientationPortraitUpsideDown";
				IPHONEOS_DEPLOYMENT_TARGET = 17.0;
				LD_RUNPATH_SEARCH_PATHS = (
					"$(inherited)",
					"@executable_path/Frameworks",
				);
				MARKETING_VERSION = 1.0;
				PRODUCT_BUNDLE_IDENTIFIER = com.amorim.Pomodoro;
				PRODUCT_NAME = "$(TARGET_NAME)";
				SUPPORTED_PLATFORMS = "iphoneos iphonesimulator";
				SUPPORTS_MACCATALYST = NO;
				SUPPORTS_MAC_DESIGNED_FOR_IPHONE_IPAD = NO;
				SUPPORTS_XR_DESIGNED_FOR_IPHONE_IPAD = NO;
				SWIFT_EMIT_LOC_STRINGS = YES;
				SWIFT_VERSION = 5.0;
				TARGETED_DEVICE_FAMILY = 1;
			};
			name = Release;
		};
		98AD612D2D6F732400F28D9A /* Debug */ = {
			isa = XCBuildConfiguration;
			buildSettings = {
				BUNDLE_LOADER = "$(TEST_HOST)";
				CODE_SIGN_STYLE = Automatic;
				CURRENT_PROJECT_VERSION = 1;
				DEVELOPMENT_TEAM = 9B6579F2U5;
				GENERATE_INFOPLIST_FILE = YES;
				IPHONEOS_DEPLOYMENT_TARGET = 18.2;
				MARKETING_VERSION = 1.0;
				PRODUCT_BUNDLE_IDENTIFIER = com.amorim.PomodoroTests;
				PRODUCT_NAME = "$(TARGET_NAME)";
				SWIFT_EMIT_LOC_STRINGS = NO;
				SWIFT_VERSION = 5.0;
				TARGETED_DEVICE_FAMILY = "1,2";
				TEST_HOST = "$(BUILT_PRODUCTS_DIR)/Pomodoro.app/$(BUNDLE_EXECUTABLE_FOLDER_PATH)/Pomodoro";
			};
			name = Debug;
		};
		98AD612E2D6F732400F28D9A /* Release */ = {
			isa = XCBuildConfiguration;
			buildSettings = {
				BUNDLE_LOADER = "$(TEST_HOST)";
				CODE_SIGN_STYLE = Automatic;
				CURRENT_PROJECT_VERSION = 1;
				DEVELOPMENT_TEAM = 9B6579F2U5;
				GENERATE_INFOPLIST_FILE = YES;
				IPHONEOS_DEPLOYMENT_TARGET = 18.2;
				MARKETING_VERSION = 1.0;
				PRODUCT_BUNDLE_IDENTIFIER = com.amorim.PomodoroTests;
				PRODUCT_NAME = "$(TARGET_NAME)";
				SWIFT_EMIT_LOC_STRINGS = NO;
				SWIFT_VERSION = 5.0;
				TARGETED_DEVICE_FAMILY = "1,2";
				TEST_HOST = "$(BUILT_PRODUCTS_DIR)/Pomodoro.app/$(BUNDLE_EXECUTABLE_FOLDER_PATH)/Pomodoro";
			};
			name = Release;
		};
		98AD61302D6F732400F28D9A /* Debug */ = {
			isa = XCBuildConfiguration;
			buildSettings = {
				CODE_SIGN_STYLE = Automatic;
				CURRENT_PROJECT_VERSION = 1;
				DEVELOPMENT_TEAM = 9B6579F2U5;
				GENERATE_INFOPLIST_FILE = YES;
				MARKETING_VERSION = 1.0;
				PRODUCT_BUNDLE_IDENTIFIER = com.amorim.PomodoroUITests;
				PRODUCT_NAME = "$(TARGET_NAME)";
				SWIFT_EMIT_LOC_STRINGS = NO;
				SWIFT_VERSION = 5.0;
				TARGETED_DEVICE_FAMILY = "1,2";
				TEST_TARGET_NAME = Pomodoro;
			};
			name = Debug;
		};
		98AD61312D6F732400F28D9A /* Release */ = {
			isa = XCBuildConfiguration;
			buildSettings = {
				CODE_SIGN_STYLE = Automatic;
				CURRENT_PROJECT_VERSION = 1;
				DEVELOPMENT_TEAM = 9B6579F2U5;
				GENERATE_INFOPLIST_FILE = YES;
				MARKETING_VERSION = 1.0;
				PRODUCT_BUNDLE_IDENTIFIER = com.amorim.PomodoroUITests;
				PRODUCT_NAME = "$(TARGET_NAME)";
				SWIFT_EMIT_LOC_STRINGS = NO;
				SWIFT_VERSION = 5.0;
				TARGETED_DEVICE_FAMILY = "1,2";
				TEST_TARGET_NAME = Pomodoro;
			};
			name = Release;
		};
/* End XCBuildConfiguration section */

/* Begin XCConfigurationList section */
		9873E8A82D6FA1B800E4BD0D /* Build configuration list for PBXNativeTarget "PomodoroWidgetExtension" */ = {
			isa = XCConfigurationList;
			buildConfigurations = (
				9873E8A92D6FA1B800E4BD0D /* Debug */,
				9873E8AA2D6FA1B800E4BD0D /* Release */,
			);
			defaultConfigurationIsVisible = 0;
			defaultConfigurationName = Release;
		};
		98AD60FB2D6F732300F28D9A /* Build configuration list for PBXProject "Pomodoro" */ = {
			isa = XCConfigurationList;
			buildConfigurations = (
				98AD61272D6F732400F28D9A /* Debug */,
				98AD61282D6F732400F28D9A /* Release */,
			);
			defaultConfigurationIsVisible = 0;
			defaultConfigurationName = Release;
		};
		98AD61292D6F732400F28D9A /* Build configuration list for PBXNativeTarget "Pomodoro" */ = {
			isa = XCConfigurationList;
			buildConfigurations = (
				98AD612A2D6F732400F28D9A /* Debug */,
				98AD612B2D6F732400F28D9A /* Release */,
			);
			defaultConfigurationIsVisible = 0;
			defaultConfigurationName = Release;
		};
		98AD612C2D6F732400F28D9A /* Build configuration list for PBXNativeTarget "PomodoroTests" */ = {
			isa = XCConfigurationList;
			buildConfigurations = (
				98AD612D2D6F732400F28D9A /* Debug */,
				98AD612E2D6F732400F28D9A /* Release */,
			);
			defaultConfigurationIsVisible = 0;
			defaultConfigurationName = Release;
		};
		98AD612F2D6F732400F28D9A /* Build configuration list for PBXNativeTarget "PomodoroUITests" */ = {
			isa = XCConfigurationList;
			buildConfigurations = (
				98AD61302D6F732400F28D9A /* Debug */,
				98AD61312D6F732400F28D9A /* Release */,
			);
			defaultConfigurationIsVisible = 0;
			defaultConfigurationName = Release;
		};
/* End XCConfigurationList section */
	};
	rootObject = 98AD60F82D6F732300F28D9A /* Project object */;
}
